{
  "requires": true,
  "lockfileVersion": 1,
  "dependencies": {
    "cookiejs": {
      "version": "1.0.26",
      "resolved": "https://registry.npmjs.org/cookiejs/-/cookiejs-1.0.26.tgz",
      "integrity": "sha512-QzITVzauDrSDI40mvaQAbl4eteombXTb+w+6zqsLUfDqrjGHGQOhpdaeQNEGc4U6zTmSZsQ/l+qzvOn0xfjGRw=="
    }
  }
}
